
Microsoft Visual Studio Solution File, Format Version 12.00
# Visual Studio Version 17
VisualStudioVersion = 17.2.32616.157
MinimumVisualStudioVersion = 10.0.40219.1
Project("{FAE04EC0-301F-11D3-BF4B-00C04F79EFBC}") = "ConsoleApp33", "ConsoleApp33.csproj", "{63471B18-5830-4FF2-8957-13FD63CDB1AE}"
EndProject
Global
	GlobalSection(SolutionConfigurationPlatforms) = preSolution
		Debug|Any CPU = Debug|Any CPU
		Release|Any CPU = Release|Any CPU
	EndGlobalSection
	GlobalSection(ProjectConfigurationPlatforms) = postSolution
		{63471B18-5830-4FF2-8957-13FD63CDB1AE}.Debug|Any CPU.ActiveCfg = Debug|Any CPU
		{63471B18-5830-4FF2-8957-13FD63CDB1AE}.Debug|Any CPU.Build.0 = Debug|Any CPU
		{63471B18-5830-4FF2-8957-13FD63CDB1AE}.Release|Any CPU.ActiveCfg = Release|Any CPU
		{63471B18-5830-4FF2-8957-13FD63CDB1AE}.Release|Any CPU.Build.0 = Release|Any CPU
	EndGlobalSection
	GlobalSection(SolutionProperties) = preSolution
		HideSolutionNode = FALSE
	EndGlobalSection
	GlobalSection(ExtensibilityGlobals) = postSolution
		SolutionGuid = {D96464A3-5DC4-434C-B42D-44674A68AE32}
	EndGlobalSection
EndGlobal
